
Microsoft Visual Studio Solution File, Format Version 12.00
# Visual Studio Version 17
VisualStudioVersion = 17.8.34601.278
MinimumVisualStudioVersion = 10.0.40219.1
Project("{FAE04EC0-301F-11D3-BF4B-00C04F79EFBC}") = "P02_FootballBetting", "P02_FootballBetting\P02_FootballBetting.csproj", "{B7046D72-B513-4766-8897-28FCF8E522D7}"
EndProject
Project("{FAE04EC0-301F-11D3-BF4B-00C04F79EFBC}") = "P02_FootballBetting.Data", "P02_FootballBetting.Data\P02_FootballBetting.Data.csproj", "{4843FD4A-7827-4241-A8E7-A9E205E972DE}"
EndProject
Project("{FAE04EC0-301F-11D3-BF4B-00C04F79EFBC}") = "P02_FootballBetting.Data.Models", "P02_FootballBetting.Data.Models\P02_FootballBetting.Data.Models.csproj", "{0D442D6F-8E82-4323-8F78-4BAB6A1719FF}"
EndProject
Project("{FAE04EC0-301F-11D3-BF4B-00C04F79EFBC}") = "P02_FootballBetting.Common", "P02_FootballBetting.Common\P02_FootballBetting.Common.csproj", "{C12991AF-F362-4E26-9467-34ADC4843BA6}"
EndProject
Global
	GlobalSection(SolutionConfigurationPlatforms) = preSolution
		Debug|Any CPU = Debug|Any CPU
		Release|Any CPU = Release|Any CPU
	EndGlobalSection
	GlobalSection(ProjectConfigurationPlatforms) = postSolution
		{B7046D72-B513-4766-8897-28FCF8E522D7}.Debug|Any CPU.ActiveCfg = Debug|Any CPU
		{B7046D72-B513-4766-8897-28FCF8E522D7}.Debug|Any CPU.Build.0 = Debug|Any CPU
		{B7046D72-B513-4766-8897-28FCF8E522D7}.Release|Any CPU.ActiveCfg = Release|Any CPU
		{B7046D72-B513-4766-8897-28FCF8E522D7}.Release|Any CPU.Build.0 = Release|Any CPU
		{4843FD4A-7827-4241-A8E7-A9E205E972DE}.Debug|Any CPU.ActiveCfg = Debug|Any CPU
		{4843FD4A-7827-4241-A8E7-A9E205E972DE}.Debug|Any CPU.Build.0 = Debug|Any CPU
		{4843FD4A-7827-4241-A8E7-A9E205E972DE}.Release|Any CPU.ActiveCfg = Release|Any CPU
		{4843FD4A-7827-4241-A8E7-A9E205E972DE}.Release|Any CPU.Build.0 = Release|Any CPU
		{0D442D6F-8E82-4323-8F78-4BAB6A1719FF}.Debug|Any CPU.ActiveCfg = Debug|Any CPU
		{0D442D6F-8E82-4323-8F78-4BAB6A1719FF}.Debug|Any CPU.Build.0 = Debug|Any CPU
		{0D442D6F-8E82-4323-8F78-4BAB6A1719FF}.Release|Any CPU.ActiveCfg = Release|Any CPU
		{0D442D6F-8E82-4323-8F78-4BAB6A1719FF}.Release|Any CPU.Build.0 = Release|Any CPU
		{C12991AF-F362-4E26-9467-34ADC4843BA6}.Debug|Any CPU.ActiveCfg = Debug|Any CPU
		{C12991AF-F362-4E26-9467-34ADC4843BA6}.Debug|Any CPU.Build.0 = Debug|Any CPU
		{C12991AF-F362-4E26-9467-34ADC4843BA6}.Release|Any CPU.ActiveCfg = Release|Any CPU
		{C12991AF-F362-4E26-9467-34ADC4843BA6}.Release|Any CPU.Build.0 = Release|Any CPU
	EndGlobalSection
	GlobalSection(SolutionProperties) = preSolution
		HideSolutionNode = FALSE
	EndGlobalSection
	GlobalSection(ExtensibilityGlobals) = postSolution
		SolutionGuid = {E21DCE40-0AB0-4F21-93E5-1E1610870563}
	EndGlobalSection
EndGlobal
